{
  "version": 4,
  "terraform_version": "1.10.3",
  "serial": 6,
  "lineage": "8b901bf2-a132-54be-cebc-6763c605702b",
  "outputs": {
    "instance_external_ip": {
      "value": "35.238.111.147",
      "type": "string"
    },
    "instance_name": {
      "value": "my-vm-instance",
      "type": "string"
    },
    "instance_self_link": {
      "value": "https://www.googleapis.com/compute/v1/projects/devtest1-448304/zones/us-central1-a/instances/my-vm-instance",
      "type": "string"
    },
    "instance_zone": {
      "value": "us-central1-a",
      "type": "string"
    }
  },
  "resources": [
    {
      "mode": "managed",
      "type": "google_compute_instance",
      "name": "vm_instance",
      "provider": "provider[\"registry.terraform.io/hashicorp/google\"]",
      "instances": [
        {
          "schema_version": 6,
          "attributes": {
            "advanced_machine_features": [],
            "allow_stopping_for_update": true,
            "attached_disk": [],
            "boot_disk": [
              {
                "auto_delete": true,
                "device_name": "persistent-disk-0",
                "disk_encryption_key_raw": "",
                "disk_encryption_key_sha256": "",
                "initialize_params": [
                  {
                    "image": "https://www.googleapis.com/compute/v1/projects/ubuntu-os-cloud/global/images/ubuntu-2204-jammy-v20250112",
                    "labels": {},
                    "resource_manager_tags": {},
                    "size": 10,
                    "type": "pd-standard"
                  }
                ],
                "kms_key_self_link": "",
                "mode": "READ_WRITE",
                "source": "https://www.googleapis.com/compute/v1/projects/devtest1-448304/zones/us-central1-a/disks/my-vm-instance"
              }
            ],
            "can_ip_forward": false,
            "confidential_instance_config": [],
            "cpu_platform": "Intel Haswell",
            "current_status": "RUNNING",
            "deletion_protection": false,
            "description": "",
            "desired_status": null,
            "enable_display": false,
            "guest_accelerator": [],
            "hostname": "",
            "id": "projects/devtest1-448304/zones/us-central1-a/instances/my-vm-instance",
            "instance_id": "507008501418113950",
            "label_fingerprint": "42WmSpB8rSM=",
            "labels": {},
            "machine_type": "n1-standard-2",
            "metadata": {
              "ssh-keys": "user:ssh-rsa AAAAB3NzaC1yc2EAAAADAQABAAABgQDFMwNEWzOnWxNUVVPSGthwh+biqnGuU7Y+VxeEgbA8X/wD480ffun7zQx5UZV0ttykwwQHl2dAPb/Bg+9Qwi238cLGUbBPo3/qHRYpVmvzfz5l1ZDspy9hgOhHZ6Y/Ufj6rqU3gLPpWl9/Qrbo5Y1ydwZk9BYAhTpBu0KesVcKuiaCpa2q3yUxgAxReJRTOBFR3cNW89N/j2a97gCQgtwD2g2HHYrxokkqQenP8pEyKr/zTtqY047uGtEZAb8qE0wiWWR0thGgBcW7E+T6VbokvBe5CnBGR1idEf3BH7CqWCHe0QjoG8LLp5cAuX3t/RH1A2A4wtK6Efh8mCX+/4nijJxhQ7/tyZgSTCR09Dc8qRMc4YVYNnQEjcTVTXhcMSKWNV5aJmgY6NAnHG1DqfoSo4Jm//cKfN8bZRb834UVUCXMSKJkycXCEcsLmQ6dLTx8wRZUoQXdNBZA0LLS4/oQiNI0AnLmqi3FAJLLHub83BOmuVeU0+xBtXBmjJUIFnM= sas@DESKTOP-NR4BEOD\r\n"
            },
            "metadata_fingerprint": "n_UHg1KK6lY=",
            "metadata_startup_script": null,
            "min_cpu_platform": "",
            "name": "my-vm-instance",
            "network_interface": [
              {
                "access_config": [
                  {
                    "nat_ip": "34.44.115.152",
                    "network_tier": "PREMIUM",
                    "public_ptr_domain_name": ""
                  }
                ],
                "alias_ip_range": [],
                "internal_ipv6_prefix_length": 0,
                "ipv6_access_config": [],
                "ipv6_access_type": "",
                "ipv6_address": "",
                "name": "nic0",
                "network": "https://www.googleapis.com/compute/v1/projects/devtest1-448304/global/networks/default",
                "network_ip": "10.128.0.2",
                "nic_type": "",
                "queue_count": 0,
                "stack_type": "IPV4_ONLY",
                "subnetwork": "https://www.googleapis.com/compute/v1/projects/devtest1-448304/regions/us-central1/subnetworks/default",
                "subnetwork_project": "devtest1-448304"
              }
            ],
            "network_performance_config": [],
            "params": [],
            "project": "devtest1-448304",
            "reservation_affinity": [],
            "resource_policies": [],
            "scheduling": [
              {
                "automatic_restart": true,
                "instance_termination_action": "",
                "local_ssd_recovery_timeout": [],
                "min_node_cpus": 0,
                "node_affinities": [],
                "on_host_maintenance": "MIGRATE",
                "preemptible": false,
                "provisioning_model": "STANDARD"
              }
            ],
            "scratch_disk": [],
            "self_link": "https://www.googleapis.com/compute/v1/projects/devtest1-448304/zones/us-central1-a/instances/my-vm-instance",
            "service_account": [],
            "shielded_instance_config": [
              {
                "enable_integrity_monitoring": true,
                "enable_secure_boot": false,
                "enable_vtpm": true
              }
            ],
            "tags": [],
            "tags_fingerprint": "42WmSpB8rSM=",
            "timeouts": null,
            "zone": "us-central1-a"
          },
          "sensitive_attributes": [
            [
              {
                "type": "get_attr",
                "value": "boot_disk"
              },
              {
                "type": "index",
                "value": {
                  "value": 0,
                  "type": "number"
                }
              },
              {
                "type": "get_attr",
                "value": "disk_encryption_key_raw"
              }
            ]
          ],
          "private": "eyJlMmJmYjczMC1lY2FhLTExZTYtOGY4OC0zNDM2M2JjN2M0YzAiOnsiY3JlYXRlIjoxMjAwMDAwMDAwMDAwLCJkZWxldGUiOjEyMDAwMDAwMDAwMDAsInVwZGF0ZSI6MTIwMDAwMDAwMDAwMH0sInNjaGVtYV92ZXJzaW9uIjoiNiJ9"
        }
      ]
    }
  ],
  "check_results": null
}
